
Microsoft Visual Studio Solution File, Format Version 12.00
# Visual Studio Version 17
VisualStudioVersion = 17.0.31903.59
MinimumVisualStudioVersion = 10.0.40219.1
Project("{FAE04EC0-301F-11D3-BF4B-00C04F79EFBC}") = "Hospital.Domain", "Hospital.Domain\Hospital.Domain.csproj", "{57644BD5-821F-4588-AC41-5B525F4C28CA}"
EndProject
Project("{FAE04EC0-301F-11D3-BF4B-00C04F79EFBC}") = "Hospital.Application", "Hospital.Application\Hospital.Application.csproj", "{3AEBA677-AEF3-4148-AE64-48964DCC9E73}"
EndProject
Project("{FAE04EC0-301F-11D3-BF4B-00C04F79EFBC}") = "Hospital.Infrastructure", "Hospital.Infrastructure\Hospital.Infrastructure.csproj", "{164D449A-6EA9-4BC6-AC4A-6F4CE90A056D}"
EndProject
Project("{FAE04EC0-301F-11D3-BF4B-00C04F79EFBC}") = "Hospital.API", "Hospital.API\Hospital.API.csproj", "{E698F773-1A2C-4246-BB11-1A823494BFF7}"
EndProject
Project("{FAE04EC0-301F-11D3-BF4B-00C04F79EFBC}") = "LoggerManager", "LoggerManager\LoggerManager.csproj", "{9624C0A2-7CA3-4600-9A4E-117E5455423F}"
EndProject
Project("{FAE04EC0-301F-11D3-BF4B-00C04F79EFBC}") = "AIService", "AIService\AIService.csproj", "{3643B0D5-4E29-4387-80B3-7C92C12B1D17}"
EndProject
Global
	GlobalSection(SolutionConfigurationPlatforms) = preSolution
		Debug|Any CPU = Debug|Any CPU
		Debug|x64 = Debug|x64
		Debug|x86 = Debug|x86
		Release|Any CPU = Release|Any CPU
		Release|x64 = Release|x64
		Release|x86 = Release|x86
	EndGlobalSection
	GlobalSection(ProjectConfigurationPlatforms) = postSolution
		{57644BD5-821F-4588-AC41-5B525F4C28CA}.Debug|Any CPU.ActiveCfg = Debug|Any CPU
		{57644BD5-821F-4588-AC41-5B525F4C28CA}.Debug|Any CPU.Build.0 = Debug|Any CPU
		{57644BD5-821F-4588-AC41-5B525F4C28CA}.Debug|x64.ActiveCfg = Debug|Any CPU
		{57644BD5-821F-4588-AC41-5B525F4C28CA}.Debug|x64.Build.0 = Debug|Any CPU
		{57644BD5-821F-4588-AC41-5B525F4C28CA}.Debug|x86.ActiveCfg = Debug|Any CPU
		{57644BD5-821F-4588-AC41-5B525F4C28CA}.Debug|x86.Build.0 = Debug|Any CPU
		{57644BD5-821F-4588-AC41-5B525F4C28CA}.Release|Any CPU.ActiveCfg = Release|Any CPU
		{57644BD5-821F-4588-AC41-5B525F4C28CA}.Release|Any CPU.Build.0 = Release|Any CPU
		{57644BD5-821F-4588-AC41-5B525F4C28CA}.Release|x64.ActiveCfg = Release|Any CPU
		{57644BD5-821F-4588-AC41-5B525F4C28CA}.Release|x64.Build.0 = Release|Any CPU
		{57644BD5-821F-4588-AC41-5B525F4C28CA}.Release|x86.ActiveCfg = Release|Any CPU
		{57644BD5-821F-4588-AC41-5B525F4C28CA}.Release|x86.Build.0 = Release|Any CPU
		{3AEBA677-AEF3-4148-AE64-48964DCC9E73}.Debug|Any CPU.ActiveCfg = Debug|Any CPU
		{3AEBA677-AEF3-4148-AE64-48964DCC9E73}.Debug|Any CPU.Build.0 = Debug|Any CPU
		{3AEBA677-AEF3-4148-AE64-48964DCC9E73}.Debug|x64.ActiveCfg = Debug|Any CPU
		{3AEBA677-AEF3-4148-AE64-48964DCC9E73}.Debug|x64.Build.0 = Debug|Any CPU
		{3AEBA677-AEF3-4148-AE64-48964DCC9E73}.Debug|x86.ActiveCfg = Debug|Any CPU
		{3AEBA677-AEF3-4148-AE64-48964DCC9E73}.Debug|x86.Build.0 = Debug|Any CPU
		{3AEBA677-AEF3-4148-AE64-48964DCC9E73}.Release|Any CPU.ActiveCfg = Release|Any CPU
		{3AEBA677-AEF3-4148-AE64-48964DCC9E73}.Release|Any CPU.Build.0 = Release|Any CPU
		{3AEBA677-AEF3-4148-AE64-48964DCC9E73}.Release|x64.ActiveCfg = Release|Any CPU
		{3AEBA677-AEF3-4148-AE64-48964DCC9E73}.Release|x64.Build.0 = Release|Any CPU
		{3AEBA677-AEF3-4148-AE64-48964DCC9E73}.Release|x86.ActiveCfg = Release|Any CPU
		{3AEBA677-AEF3-4148-AE64-48964DCC9E73}.Release|x86.Build.0 = Release|Any CPU
		{164D449A-6EA9-4BC6-AC4A-6F4CE90A056D}.Debug|Any CPU.ActiveCfg = Debug|Any CPU
		{164D449A-6EA9-4BC6-AC4A-6F4CE90A056D}.Debug|Any CPU.Build.0 = Debug|Any CPU
		{164D449A-6EA9-4BC6-AC4A-6F4CE90A056D}.Debug|x64.ActiveCfg = Debug|Any CPU
		{164D449A-6EA9-4BC6-AC4A-6F4CE90A056D}.Debug|x64.Build.0 = Debug|Any CPU
		{164D449A-6EA9-4BC6-AC4A-6F4CE90A056D}.Debug|x86.ActiveCfg = Debug|Any CPU
		{164D449A-6EA9-4BC6-AC4A-6F4CE90A056D}.Debug|x86.Build.0 = Debug|Any CPU
		{164D449A-6EA9-4BC6-AC4A-6F4CE90A056D}.Release|Any CPU.ActiveCfg = Release|Any CPU
		{164D449A-6EA9-4BC6-AC4A-6F4CE90A056D}.Release|Any CPU.Build.0 = Release|Any CPU
		{164D449A-6EA9-4BC6-AC4A-6F4CE90A056D}.Release|x64.ActiveCfg = Release|Any CPU
		{164D449A-6EA9-4BC6-AC4A-6F4CE90A056D}.Release|x64.Build.0 = Release|Any CPU
		{164D449A-6EA9-4BC6-AC4A-6F4CE90A056D}.Release|x86.ActiveCfg = Release|Any CPU
		{164D449A-6EA9-4BC6-AC4A-6F4CE90A056D}.Release|x86.Build.0 = Release|Any CPU
		{E698F773-1A2C-4246-BB11-1A823494BFF7}.Debug|Any CPU.ActiveCfg = Debug|Any CPU
		{E698F773-1A2C-4246-BB11-1A823494BFF7}.Debug|Any CPU.Build.0 = Debug|Any CPU
		{E698F773-1A2C-4246-BB11-1A823494BFF7}.Debug|x64.ActiveCfg = Debug|Any CPU
		{E698F773-1A2C-4246-BB11-1A823494BFF7}.Debug|x64.Build.0 = Debug|Any CPU
		{E698F773-1A2C-4246-BB11-1A823494BFF7}.Debug|x86.ActiveCfg = Debug|Any CPU
		{E698F773-1A2C-4246-BB11-1A823494BFF7}.Debug|x86.Build.0 = Debug|Any CPU
		{E698F773-1A2C-4246-BB11-1A823494BFF7}.Release|Any CPU.ActiveCfg = Release|Any CPU
		{E698F773-1A2C-4246-BB11-1A823494BFF7}.Release|Any CPU.Build.0 = Release|Any CPU
		{E698F773-1A2C-4246-BB11-1A823494BFF7}.Release|x64.ActiveCfg = Release|Any CPU
		{E698F773-1A2C-4246-BB11-1A823494BFF7}.Release|x64.Build.0 = Release|Any CPU
		{E698F773-1A2C-4246-BB11-1A823494BFF7}.Release|x86.ActiveCfg = Release|Any CPU
		{E698F773-1A2C-4246-BB11-1A823494BFF7}.Release|x86.Build.0 = Release|Any CPU
		{9624C0A2-7CA3-4600-9A4E-117E5455423F}.Debug|Any CPU.ActiveCfg = Debug|Any CPU
		{9624C0A2-7CA3-4600-9A4E-117E5455423F}.Debug|Any CPU.Build.0 = Debug|Any CPU
		{9624C0A2-7CA3-4600-9A4E-117E5455423F}.Debug|x64.ActiveCfg = Debug|Any CPU
		{9624C0A2-7CA3-4600-9A4E-117E5455423F}.Debug|x64.Build.0 = Debug|Any CPU
		{9624C0A2-7CA3-4600-9A4E-117E5455423F}.Debug|x86.ActiveCfg = Debug|Any CPU
		{9624C0A2-7CA3-4600-9A4E-117E5455423F}.Debug|x86.Build.0 = Debug|Any CPU
		{9624C0A2-7CA3-4600-9A4E-117E5455423F}.Release|Any CPU.ActiveCfg = Release|Any CPU
		{9624C0A2-7CA3-4600-9A4E-117E5455423F}.Release|Any CPU.Build.0 = Release|Any CPU
		{9624C0A2-7CA3-4600-9A4E-117E5455423F}.Release|x64.ActiveCfg = Release|Any CPU
		{9624C0A2-7CA3-4600-9A4E-117E5455423F}.Release|x64.Build.0 = Release|Any CPU
		{9624C0A2-7CA3-4600-9A4E-117E5455423F}.Release|x86.ActiveCfg = Release|Any CPU
		{9624C0A2-7CA3-4600-9A4E-117E5455423F}.Release|x86.Build.0 = Release|Any CPU
		{3643B0D5-4E29-4387-80B3-7C92C12B1D17}.Debug|Any CPU.ActiveCfg = Debug|Any CPU
		{3643B0D5-4E29-4387-80B3-7C92C12B1D17}.Debug|Any CPU.Build.0 = Debug|Any CPU
		{3643B0D5-4E29-4387-80B3-7C92C12B1D17}.Debug|x64.ActiveCfg = Debug|Any CPU
		{3643B0D5-4E29-4387-80B3-7C92C12B1D17}.Debug|x64.Build.0 = Debug|Any CPU
		{3643B0D5-4E29-4387-80B3-7C92C12B1D17}.Debug|x86.ActiveCfg = Debug|Any CPU
		{3643B0D5-4E29-4387-80B3-7C92C12B1D17}.Debug|x86.Build.0 = Debug|Any CPU
		{3643B0D5-4E29-4387-80B3-7C92C12B1D17}.Release|Any CPU.ActiveCfg = Release|Any CPU
		{3643B0D5-4E29-4387-80B3-7C92C12B1D17}.Release|Any CPU.Build.0 = Release|Any CPU
		{3643B0D5-4E29-4387-80B3-7C92C12B1D17}.Release|x64.ActiveCfg = Release|Any CPU
		{3643B0D5-4E29-4387-80B3-7C92C12B1D17}.Release|x64.Build.0 = Release|Any CPU
		{3643B0D5-4E29-4387-80B3-7C92C12B1D17}.Release|x86.ActiveCfg = Release|Any CPU
		{3643B0D5-4E29-4387-80B3-7C92C12B1D17}.Release|x86.Build.0 = Release|Any CPU
	EndGlobalSection
	GlobalSection(SolutionProperties) = preSolution
		HideSolutionNode = FALSE
	EndGlobalSection
EndGlobal
